{
  "name": "ranchos-demo",
  "version": "1.1.0",
  "lockfileVersion": 3,
  "requires": true,
  "packages": {
    "": {
      "name": "ranchos-demo",
      "version": "1.1.0",
      "license": "UNLICENSED",
      "dependencies": {
        "express": "^4.19.2",
        "mapbox-gl": "^2.15.0",
        "react": "^18.2.0",
        "react-dom": "^18.2.0"
      },
      "devDependencies": {
        "@vitejs/plugin-react": "^4.2.0",
        "concurrently": "^8.2.2",
        "nodemon": "^3.0.3",
        "vite": "^5.0.0"
      }
    }
  }
}
